// !$*UTF8*$!
{
	archiveVersion = 1;
	classes = {
	};
	objectVersion = 56;
	objects = {

/* Begin PBXBuildFile section */
		BAEFB4F92BB6FCC10002D6EF /* AppDelegate.swift in Sources */ = {isa = PBXBuildFile; fileRef = BAEFB4F82BB6FCC10002D6EF /* AppDelegate.swift */; };
		BAEFB4FD2BB6FCC10002D6EF /* TaskListViewController.swift in Sources */ = {isa = PBXBuildFile; fileRef = BAEFB4FC2BB6FCC10002D6EF /* TaskListViewController.swift */; };
		BAEFB5032BB6FCC10002D6EF /* CDTaskList.xcdatamodeld in Sources */ = {isa = PBXBuildFile; fileRef = BAEFB5012BB6FCC10002D6EF /* CDTaskList.xcdatamodeld */; };
		BAEFB5052BB6FCC20002D6EF /* Assets.xcassets in Resources */ = {isa = PBXBuildFile; fileRef = BAEFB5042BB6FCC20002D6EF /* Assets.xcassets */; };
		BAEFB5082BB6FCC20002D6EF /* LaunchScreen.storyboard in Resources */ = {isa = PBXBuildFile; fileRef = BAEFB5062BB6FCC20002D6EF /* LaunchScreen.storyboard */; };
		BAEFB5132BB6FCC20002D6EF /* CDTaskListTests.swift in Sources */ = {isa = PBXBuildFile; fileRef = BAEFB5122BB6FCC20002D6EF /* CDTaskListTests.swift */; };
		BAEFB51D2BB6FCC20002D6EF /* CDTaskListUITests.swift in Sources */ = {isa = PBXBuildFile; fileRef = BAEFB51C2BB6FCC20002D6EF /* CDTaskListUITests.swift */; };
		BAEFB51F2BB6FCC20002D6EF /* CDTaskListUITestsLaunchTests.swift in Sources */ = {isa = PBXBuildFile; fileRef = BAEFB51E2BB6FCC20002D6EF /* CDTaskListUITestsLaunchTests.swift */; };
/* End PBXBuildFile section */

/* Begin PBXContainerItemProxy section */
		BAEFB50F2BB6FCC20002D6EF /* PBXContainerItemProxy */ = {
			isa = PBXContainerItemProxy;
			containerPortal = BAEFB4ED2BB6FCC10002D6EF /* Project object */;
			proxyType = 1;
			remoteGlobalIDString = BAEFB4F42BB6FCC10002D6EF;
			remoteInfo = CDTaskList;
		};
		BAEFB5192BB6FCC20002D6EF /* PBXContainerItemProxy */ = {
			isa = PBXContainerItemProxy;
			containerPortal = BAEFB4ED2BB6FCC10002D6EF /* Project object */;
			proxyType = 1;
			remoteGlobalIDString = BAEFB4F42BB6FCC10002D6EF;
			remoteInfo = CDTaskList;
		};
/* End PBXContainerItemProxy section */

/* Begin PBXFileReference section */
		BAEFB4F52BB6FCC10002D6EF /* CDTaskList.app */ = {isa = PBXFileReference; explicitFileType = wrapper.application; includeInIndex = 0; path = CDTaskList.app; sourceTree = BUILT_PRODUCTS_DIR; };
		BAEFB4F82BB6FCC10002D6EF /* AppDelegate.swift */ = {isa = PBXFileReference; lastKnownFileType = sourcecode.swift; path = AppDelegate.swift; sourceTree = "<group>"; };
		BAEFB4FC2BB6FCC10002D6EF /* TaskListViewController.swift */ = {isa = PBXFileReference; lastKnownFileType = sourcecode.swift; path = TaskListViewController.swift; sourceTree = "<group>"; };
		BAEFB5022BB6FCC10002D6EF /* CDTaskList.xcdatamodel */ = {isa = PBXFileReference; lastKnownFileType = wrapper.xcdatamodel; path = CDTaskList.xcdatamodel; sourceTree = "<group>"; };
		BAEFB5042BB6FCC20002D6EF /* Assets.xcassets */ = {isa = PBXFileReference; lastKnownFileType = folder.assetcatalog; path = Assets.xcassets; sourceTree = "<group>"; };
		BAEFB5072BB6FCC20002D6EF /* Base */ = {isa = PBXFileReference; lastKnownFileType = file.storyboard; name = Base; path = Base.lproj/LaunchScreen.storyboard; sourceTree = "<group>"; };
		BAEFB5092BB6FCC20002D6EF /* Info.plist */ = {isa = PBXFileReference; lastKnownFileType = text.plist.xml; path = Info.plist; sourceTree = "<group>"; };
		BAEFB50E2BB6FCC20002D6EF /* CDTaskListTests.xctest */ = {isa = PBXFileReference; explicitFileType = wrapper.cfbundle; includeInIndex = 0; path = CDTaskListTests.xctest; sourceTree = BUILT_PRODUCTS_DIR; };
		BAEFB5122BB6FCC20002D6EF /* CDTaskListTests.swift */ = {isa = PBXFileReference; lastKnownFileType = sourcecode.swift; path = CDTaskListTests.swift; sourceTree = "<group>"; };
		BAEFB5182BB6FCC20002D6EF /* CDTaskListUITests.xctest */ = {isa = PBXFileReference; explicitFileType = wrapper.cfbundle; includeInIndex = 0; path = CDTaskListUITests.xctest; sourceTree = BUILT_PRODUCTS_DIR; };
		BAEFB51C2BB6FCC20002D6EF /* CDTaskListUITests.swift */ = {isa = PBXFileReference; lastKnownFileType = sourcecode.swift; path = CDTaskListUITests.swift; sourceTree = "<group>"; };
		BAEFB51E2BB6FCC20002D6EF /* CDTaskListUITestsLaunchTests.swift */ = {isa = PBXFileReference; lastKnownFileType = sourcecode.swift; path = CDTaskListUITestsLaunchTests.swift; sourceTree = "<group>"; };
/* End PBXFileReference section */

/* Begin PBXFrameworksBuildPhase section */
		BAEFB4F22BB6FCC10002D6EF /* Frameworks */ = {
			isa = PBXFrameworksBuildPhase;
			buildActionMask = 2147483647;
			files = (
			);
			runOnlyForDeploymentPostprocessing = 0;
		};
		BAEFB50B2BB6FCC20002D6EF /* Frameworks */ = {
			isa = PBXFrameworksBuildPhase;
			buildActionMask = 2147483647;
			files = (
			);
			runOnlyForDeploymentPostprocessing = 0;
		};
		BAEFB5152BB6FCC20002D6EF /* Frameworks */ = {
			isa = PBXFrameworksBuildPhase;
			buildActionMask = 2147483647;
			files = (
			);
			runOnlyForDeploymentPostprocessing = 0;
		};
/* End PBXFrameworksBuildPhase section */

/* Begin PBXGroup section */
		BAEFB4EC2BB6FCC10002D6EF = {
			isa = PBXGroup;
			children = (
				BAEFB4F72BB6FCC10002D6EF /* CDTaskList */,
				BAEFB5112BB6FCC20002D6EF /* CDTaskListTests */,
				BAEFB51B2BB6FCC20002D6EF /* CDTaskListUITests */,
				BAEFB4F62BB6FCC10002D6EF /* Products */,
			);
			sourceTree = "<group>";
		};
		BAEFB4F62BB6FCC10002D6EF /* Products */ = {
			isa = PBXGroup;
			children = (
				BAEFB4F52BB6FCC10002D6EF /* CDTaskList.app */,
				BAEFB50E2BB6FCC20002D6EF /* CDTaskListTests.xctest */,
				BAEFB5182BB6FCC20002D6EF /* CDTaskListUITests.xctest */,
			);
			name = Products;
			sourceTree = "<group>";
		};
		BAEFB4F72BB6FCC10002D6EF /* CDTaskList */ = {
			isa = PBXGroup;
			children = (
				BAEFB4F82BB6FCC10002D6EF /* AppDelegate.swift */,
				BAEFB4FC2BB6FCC10002D6EF /* TaskListViewController.swift */,
				BAEFB5042BB6FCC20002D6EF /* Assets.xcassets */,
				BAEFB5062BB6FCC20002D6EF /* LaunchScreen.storyboard */,
				BAEFB5092BB6FCC20002D6EF /* Info.plist */,
				BAEFB5012BB6FCC10002D6EF /* CDTaskList.xcdatamodeld */,
			);
			path = CDTaskList;
			sourceTree = "<group>";
		};
		BAEFB5112BB6FCC20002D6EF /* CDTaskListTests */ = {
			isa = PBXGroup;
			children = (
				BAEFB5122BB6FCC20002D6EF /* CDTaskListTests.swift */,
			);
			path = CDTaskListTests;
			sourceTree = "<group>";
		};
		BAEFB51B2BB6FCC20002D6EF /* CDTaskListUITests */ = {
			isa = PBXGroup;
			children = (
				BAEFB51C2BB6FCC20002D6EF /* CDTaskListUITests.swift */,
				BAEFB51E2BB6FCC20002D6EF /* CDTaskListUITestsLaunchTests.swift */,
			);
			path = CDTaskListUITests;
			sourceTree = "<group>";
		};
/* End PBXGroup section */

/* Begin PBXNativeTarget section */
		BAEFB4F42BB6FCC10002D6EF /* CDTaskList */ = {
			isa = PBXNativeTarget;
			buildConfigurationList = BAEFB5222BB6FCC20002D6EF /* Build configuration list for PBXNativeTarget "CDTaskList" */;
			buildPhases = (
				BAEFB4F12BB6FCC10002D6EF /* Sources */,
				BAEFB4F22BB6FCC10002D6EF /* Frameworks */,
				BAEFB4F32BB6FCC10002D6EF /* Resources */,
			);
			buildRules = (
			);
			dependencies = (
			);
			name = CDTaskList;
			productName = CDTaskList;
			productReference = BAEFB4F52BB6FCC10002D6EF /* CDTaskList.app */;
			productType = "com.apple.product-type.application";
		};
		BAEFB50D2BB6FCC20002D6EF /* CDTaskListTests */ = {
			isa = PBXNativeTarget;
			buildConfigurationList = BAEFB5252BB6FCC20002D6EF /* Build configuration list for PBXNativeTarget "CDTaskListTests" */;
			buildPhases = (
				BAEFB50A2BB6FCC20002D6EF /* Sources */,
				BAEFB50B2BB6FCC20002D6EF /* Frameworks */,
				BAEFB50C2BB6FCC20002D6EF /* Resources */,
			);
			buildRules = (
			);
			dependencies = (
				BAEFB5102BB6FCC20002D6EF /* PBXTargetDependency */,
			);
			name = CDTaskListTests;
			productName = CDTaskListTests;
			productReference = BAEFB50E2BB6FCC20002D6EF /* CDTaskListTests.xctest */;
			productType = "com.apple.product-type.bundle.unit-test";
		};
		BAEFB5172BB6FCC20002D6EF /* CDTaskListUITests */ = {
			isa = PBXNativeTarget;
			buildConfigurationList = BAEFB5282BB6FCC20002D6EF /* Build configuration list for PBXNativeTarget "CDTaskListUITests" */;
			buildPhases = (
				BAEFB5142BB6FCC20002D6EF /* Sources */,
				BAEFB5152BB6FCC20002D6EF /* Frameworks */,
				BAEFB5162BB6FCC20002D6EF /* Resources */,
			);
			buildRules = (
			);
			dependencies = (
				BAEFB51A2BB6FCC20002D6EF /* PBXTargetDependency */,
			);
			name = CDTaskListUITests;
			productName = CDTaskListUITests;
			productReference = BAEFB5182BB6FCC20002D6EF /* CDTaskListUITests.xctest */;
			productType = "com.apple.product-type.bundle.ui-testing";
		};
/* End PBXNativeTarget section */

/* Begin PBXProject section */
		BAEFB4ED2BB6FCC10002D6EF /* Project object */ = {
			isa = PBXProject;
			attributes = {
				BuildIndependentTargetsInParallel = 1;
				LastSwiftUpdateCheck = 1500;
				LastUpgradeCheck = 1500;
				TargetAttributes = {
					BAEFB4F42BB6FCC10002D6EF = {
						CreatedOnToolsVersion = 15.0.1;
					};
					BAEFB50D2BB6FCC20002D6EF = {
						CreatedOnToolsVersion = 15.0.1;
						TestTargetID = BAEFB4F42BB6FCC10002D6EF;
					};
					BAEFB5172BB6FCC20002D6EF = {
						CreatedOnToolsVersion = 15.0.1;
						TestTargetID = BAEFB4F42BB6FCC10002D6EF;
					};
				};
			};
			buildConfigurationList = BAEFB4F02BB6FCC10002D6EF /* Build configuration list for PBXProject "CDTaskList" */;
			compatibilityVersion = "Xcode 14.0";
			developmentRegion = en;
			hasScannedForEncodings = 0;
			knownRegions = (
				en,
				Base,
			);
			mainGroup = BAEFB4EC2BB6FCC10002D6EF;
			productRefGroup = BAEFB4F62BB6FCC10002D6EF /* Products */;
			projectDirPath = "";
			projectRoot = "";
			targets = (
				BAEFB4F42BB6FCC10002D6EF /* CDTaskList */,
				BAEFB50D2BB6FCC20002D6EF /* CDTaskListTests */,
				BAEFB5172BB6FCC20002D6EF /* CDTaskListUITests */,
			);
		};
/* End PBXProject section */

/* Begin PBXResourcesBuildPhase section */
		BAEFB4F32BB6FCC10002D6EF /* Resources */ = {
			isa = PBXResourcesBuildPhase;
			buildActionMask = 2147483647;
			files = (
				BAEFB5082BB6FCC20002D6EF /* LaunchScreen.storyboard in Resources */,
				BAEFB5052BB6FCC20002D6EF /* Assets.xcassets in Resources */,
			);
			runOnlyForDeploymentPostprocessing = 0;
		};
		BAEFB50C2BB6FCC20002D6EF /* Resources */ = {
			isa = PBXResourcesBuildPhase;
			buildActionMask = 2147483647;
			files = (
			);
			runOnlyForDeploymentPostprocessing = 0;
		};
		BAEFB5162BB6FCC20002D6EF /* Resources */ = {
			isa = PBXResourcesBuildPhase;
			buildActionMask = 2147483647;
			files = (
			);
			runOnlyForDeploymentPostprocessing = 0;
		};
/* End PBXResourcesBuildPhase section */

/* Begin PBXSourcesBuildPhase section */
		BAEFB4F12BB6FCC10002D6EF /* Sources */ = {
			isa = PBXSourcesBuildPhase;
			buildActionMask = 2147483647;
			files = (
				BAEFB4FD2BB6FCC10002D6EF /* TaskListViewController.swift in Sources */,
				BAEFB5032BB6FCC10002D6EF /* CDTaskList.xcdatamodeld in Sources */,
				BAEFB4F92BB6FCC10002D6EF /* AppDelegate.swift in Sources */,
			);
			runOnlyForDeploymentPostprocessing = 0;
		};
		BAEFB50A2BB6FCC20002D6EF /* Sources */ = {
			isa = PBXSourcesBuildPhase;
			buildActionMask = 2147483647;
			files = (
				BAEFB5132BB6FCC20002D6EF /* CDTaskListTests.swift in Sources */,
			);
			runOnlyForDeploymentPostprocessing = 0;
		};
		BAEFB5142BB6FCC20002D6EF /* Sources */ = {
			isa = PBXSourcesBuildPhase;
			buildActionMask = 2147483647;
			files = (
				BAEFB51F2BB6FCC20002D6EF /* CDTaskListUITestsLaunchTests.swift in Sources */,
				BAEFB51D2BB6FCC20002D6EF /* CDTaskListUITests.swift in Sources */,
			);
			runOnlyForDeploymentPostprocessing = 0;
		};
/* End PBXSourcesBuildPhase section */

/* Begin PBXTargetDependency section */
		BAEFB5102BB6FCC20002D6EF /* PBXTargetDependency */ = {
			isa = PBXTargetDependency;
			target = BAEFB4F42BB6FCC10002D6EF /* CDTaskList */;
			targetProxy = BAEFB50F2BB6FCC20002D6EF /* PBXContainerItemProxy */;
		};
		BAEFB51A2BB6FCC20002D6EF /* PBXTargetDependency */ = {
			isa = PBXTargetDependency;
			target = BAEFB4F42BB6FCC10002D6EF /* CDTaskList */;
			targetProxy = BAEFB5192BB6FCC20002D6EF /* PBXContainerItemProxy */;
		};
/* End PBXTargetDependency section */

/* Begin PBXVariantGroup section */
		BAEFB5062BB6FCC20002D6EF /* LaunchScreen.storyboard */ = {
			isa = PBXVariantGroup;
			children = (
				BAEFB5072BB6FCC20002D6EF /* Base */,
			);
			name = LaunchScreen.storyboard;
			sourceTree = "<group>";
		};
/* End PBXVariantGroup section */

/* Begin XCBuildConfiguration section */
		BAEFB5202BB6FCC20002D6EF /* Debug */ = {
			isa = XCBuildConfiguration;
			buildSettings = {
				ALWAYS_SEARCH_USER_PATHS = NO;
				ASSETCATALOG_COMPILER_GENERATE_SWIFT_ASSET_SYMBOL_EXTENSIONS = YES;
				CLANG_ANALYZER_NONNULL = YES;
				CLANG_ANALYZER_NUMBER_OBJECT_CONVERSION = YES_AGGRESSIVE;
				CLANG_CXX_LANGUAGE_STANDARD = "gnu++20";
				CLANG_ENABLE_MODULES = YES;
				CLANG_ENABLE_OBJC_ARC = YES;
				CLANG_ENABLE_OBJC_WEAK = YES;
				CLANG_WARN_BLOCK_CAPTURE_AUTORELEASING = YES;
				CLANG_WARN_BOOL_CONVERSION = YES;
				CLANG_WARN_COMMA = YES;
				CLANG_WARN_CONSTANT_CONVERSION = YES;
				CLANG_WARN_DEPRECATED_OBJC_IMPLEMENTATIONS = YES;
				CLANG_WARN_DIRECT_OBJC_ISA_USAGE = YES_ERROR;
				CLANG_WARN_DOCUMENTATION_COMMENTS = YES;
				CLANG_WARN_EMPTY_BODY = YES;
				CLANG_WARN_ENUM_CONVERSION = YES;
				CLANG_WARN_INFINITE_RECURSION = YES;
				CLANG_WARN_INT_CONVERSION = YES;
				CLANG_WARN_NON_LITERAL_NULL_CONVERSION = YES;
				CLANG_WARN_OBJC_IMPLICIT_RETAIN_SELF = YES;
				CLANG_WARN_OBJC_LITERAL_CONVERSION = YES;
				CLANG_WARN_OBJC_ROOT_CLASS = YES_ERROR;
				CLANG_WARN_QUOTED_INCLUDE_IN_FRAMEWORK_HEADER = YES;
				CLANG_WARN_RANGE_LOOP_ANALYSIS = YES;
				CLANG_WARN_STRICT_PROTOTYPES = YES;
				CLANG_WARN_SUSPICIOUS_MOVE = YES;
				CLANG_WARN_UNGUARDED_AVAILABILITY = YES_AGGRESSIVE;
				CLANG_WARN_UNREACHABLE_CODE = YES;
				CLANG_WARN__DUPLICATE_METHOD_MATCH = YES;
				COPY_PHASE_STRIP = NO;
				DEBUG_INFORMATION_FORMAT = dwarf;
				ENABLE_STRICT_OBJC_MSGSEND = YES;
				ENABLE_TESTABILITY = YES;
				ENABLE_USER_SCRIPT_SANDBOXING = YES;
				GCC_C_LANGUAGE_STANDARD = gnu17;
				GCC_DYNAMIC_NO_PIC = NO;
				GCC_NO_COMMON_BLOCKS = YES;
				GCC_OPTIMIZATION_LEVEL = 0;
				GCC_PREPROCESSOR_DEFINITIONS = (
					"DEBUG=1",
					"$(inherited)",
				);
				GCC_WARN_64_TO_32_BIT_CONVERSION = YES;
				GCC_WARN_ABOUT_RETURN_TYPE = YES_ERROR;
				GCC_WARN_UNDECLARED_SELECTOR = YES;
				GCC_WARN_UNINITIALIZED_AUTOS = YES_AGGRESSIVE;
				GCC_WARN_UNUSED_FUNCTION = YES;
				GCC_WARN_UNUSED_VARIABLE = YES;
				IPHONEOS_DEPLOYMENT_TARGET = 17.0;
				LOCALIZATION_PREFERS_STRING_CATALOGS = YES;
				MTL_ENABLE_DEBUG_INFO = INCLUDE_SOURCE;
				MTL_FAST_MATH = YES;
				ONLY_ACTIVE_ARCH = YES;
				SDKROOT = iphoneos;
				SWIFT_ACTIVE_COMPILATION_CONDITIONS = "DEBUG $(inherited)";
				SWIFT_OPTIMIZATION_LEVEL = "-Onone";
			};
			name = Debug;
		};
		BAEFB5212BB6FCC20002D6EF /* Release */ = {
			isa = XCBuildConfiguration;
			buildSettings = {
				ALWAYS_SEARCH_USER_PATHS = NO;
				ASSETCATALOG_COMPILER_GENERATE_SWIFT_ASSET_SYMBOL_EXTENSIONS = YES;
				CLANG_ANALYZER_NONNULL = YES;
				CLANG_ANALYZER_NUMBER_OBJECT_CONVERSION = YES_AGGRESSIVE;
				CLANG_CXX_LANGUAGE_STANDARD = "gnu++20";
				CLANG_ENABLE_MODULES = YES;
				CLANG_ENABLE_OBJC_ARC = YES;
				CLANG_ENABLE_OBJC_WEAK = YES;
				CLANG_WARN_BLOCK_CAPTURE_AUTORELEASING = YES;
				CLANG_WARN_BOOL_CONVERSION = YES;
				CLANG_WARN_COMMA = YES;
				CLANG_WARN_CONSTANT_CONVERSION = YES;
				CLANG_WARN_DEPRECATED_OBJC_IMPLEMENTATIONS = YES;
				CLANG_WARN_DIRECT_OBJC_ISA_USAGE = YES_ERROR;
				CLANG_WARN_DOCUMENTATION_COMMENTS = YES;
				CLANG_WARN_EMPTY_BODY = YES;
				CLANG_WARN_ENUM_CONVERSION = YES;
				CLANG_WARN_INFINITE_RECURSION = YES;
				CLANG_WARN_INT_CONVERSION = YES;
				CLANG_WARN_NON_LITERAL_NULL_CONVERSION = YES;
				CLANG_WARN_OBJC_IMPLICIT_RETAIN_SELF = YES;
				CLANG_WARN_OBJC_LITERAL_CONVERSION = YES;
				CLANG_WARN_OBJC_ROOT_CLASS = YES_ERROR;
				CLANG_WARN_QUOTED_INCLUDE_IN_FRAMEWORK_HEADER = YES;
				CLANG_WARN_RANGE_LOOP_ANALYSIS = YES;
				CLANG_WARN_STRICT_PROTOTYPES = YES;
				CLANG_WARN_SUSPICIOUS_MOVE = YES;
				CLANG_WARN_UNGUARDED_AVAILABILITY = YES_AGGRESSIVE;
				CLANG_WARN_UNREACHABLE_CODE = YES;
				CLANG_WARN__DUPLICATE_METHOD_MATCH = YES;
				COPY_PHASE_STRIP = NO;
				DEBUG_INFORMATION_FORMAT = "dwarf-with-dsym";
				ENABLE_NS_ASSERTIONS = NO;
				ENABLE_STRICT_OBJC_MSGSEND = YES;
				ENABLE_USER_SCRIPT_SANDBOXING = YES;
				GCC_C_LANGUAGE_STANDARD = gnu17;
				GCC_NO_COMMON_BLOCKS = YES;
				GCC_WARN_64_TO_32_BIT_CONVERSION = YES;
				GCC_WARN_ABOUT_RETURN_TYPE = YES_ERROR;
				GCC_WARN_UNDECLARED_SELECTOR = YES;
				GCC_WARN_UNINITIALIZED_AUTOS = YES_AGGRESSIVE;
				GCC_WARN_UNUSED_FUNCTION = YES;
				GCC_WARN_UNUSED_VARIABLE = YES;
				IPHONEOS_DEPLOYMENT_TARGET = 17.0;
				LOCALIZATION_PREFERS_STRING_CATALOGS = YES;
				MTL_ENABLE_DEBUG_INFO = NO;
				MTL_FAST_MATH = YES;
				SDKROOT = iphoneos;
				SWIFT_COMPILATION_MODE = wholemodule;
				VALIDATE_PRODUCT = YES;
			};
			name = Release;
		};
		BAEFB5232BB6FCC20002D6EF /* Debug */ = {
			isa = XCBuildConfiguration;
			buildSettings = {
				ASSETCATALOG_COMPILER_APPICON_NAME = AppIcon;
				ASSETCATALOG_COMPILER_GLOBAL_ACCENT_COLOR_NAME = AccentColor;
				CODE_SIGN_STYLE = Automatic;
				CURRENT_PROJECT_VERSION = 1;
				DEVELOPMENT_TEAM = LBC2FW8GZY;
				GENERATE_INFOPLIST_FILE = YES;
				INFOPLIST_FILE = CDTaskList/Info.plist;
				INFOPLIST_KEY_UIApplicationSupportsIndirectInputEvents = YES;
				INFOPLIST_KEY_UILaunchStoryboardName = LaunchScreen;
				INFOPLIST_KEY_UIStatusBarStyle = UIStatusBarStyleLightContent;
				INFOPLIST_KEY_UISupportedInterfaceOrientations_iPad = "UIInterfaceOrientationPortrait UIInterfaceOrientationPortraitUpsideDown UIInterfaceOrientationLandscapeLeft UIInterfaceOrientationLandscapeRight";
				INFOPLIST_KEY_UISupportedInterfaceOrientations_iPhone = "UIInterfaceOrientationPortrait UIInterfaceOrientationLandscapeLeft UIInterfaceOrientationLandscapeRight";
				LD_RUNPATH_SEARCH_PATHS = (
					"$(inherited)",
					"@executable_path/Frameworks",
				);
				MARKETING_VERSION = 1.0;
				PRODUCT_BUNDLE_IDENTIFIER = ru.swiftbook.CDTaskList;
				PRODUCT_NAME = "$(TARGET_NAME)";
				SWIFT_EMIT_LOC_STRINGS = YES;
				SWIFT_VERSION = 5.0;
				TARGETED_DEVICE_FAMILY = "1,2";
			};
			name = Debug;
		};
		BAEFB5242BB6FCC20002D6EF /* Release */ = {
			isa = XCBuildConfiguration;
			buildSettings = {
				ASSETCATALOG_COMPILER_APPICON_NAME = AppIcon;
				ASSETCATALOG_COMPILER_GLOBAL_ACCENT_COLOR_NAME = AccentColor;
				CODE_SIGN_STYLE = Automatic;
				CURRENT_PROJECT_VERSION = 1;
				DEVELOPMENT_TEAM = LBC2FW8GZY;
				GENERATE_INFOPLIST_FILE = YES;
				INFOPLIST_FILE = CDTaskList/Info.plist;
				INFOPLIST_KEY_UIApplicationSupportsIndirectInputEvents = YES;
				INFOPLIST_KEY_UILaunchStoryboardName = LaunchScreen;
				INFOPLIST_KEY_UIStatusBarStyle = UIStatusBarStyleLightContent;
				INFOPLIST_KEY_UISupportedInterfaceOrientations_iPad = "UIInterfaceOrientationPortrait UIInterfaceOrientationPortraitUpsideDown UIInterfaceOrientationLandscapeLeft UIInterfaceOrientationLandscapeRight";
				INFOPLIST_KEY_UISupportedInterfaceOrientations_iPhone = "UIInterfaceOrientationPortrait UIInterfaceOrientationLandscapeLeft UIInterfaceOrientationLandscapeRight";
				LD_RUNPATH_SEARCH_PATHS = (
					"$(inherited)",
					"@executable_path/Frameworks",
				);
				MARKETING_VERSION = 1.0;
				PRODUCT_BUNDLE_IDENTIFIER = ru.swiftbook.CDTaskList;
				PRODUCT_NAME = "$(TARGET_NAME)";
				SWIFT_EMIT_LOC_STRINGS = YES;
				SWIFT_VERSION = 5.0;
				TARGETED_DEVICE_FAMILY = "1,2";
			};
			name = Release;
		};
		BAEFB5262BB6FCC20002D6EF /* Debug */ = {
			isa = XCBuildConfiguration;
			buildSettings = {
				ALWAYS_EMBED_SWIFT_STANDARD_LIBRARIES = YES;
				BUNDLE_LOADER = "$(TEST_HOST)";
				CODE_SIGN_STYLE = Automatic;
				CURRENT_PROJECT_VERSION = 1;
				DEVELOPMENT_TEAM = LBC2FW8GZY;
				GENERATE_INFOPLIST_FILE = YES;
				IPHONEOS_DEPLOYMENT_TARGET = 17.0;
				MARKETING_VERSION = 1.0;
				PRODUCT_BUNDLE_IDENTIFIER = ru.swiftbook.CDTaskListTests;
				PRODUCT_NAME = "$(TARGET_NAME)";
				SWIFT_EMIT_LOC_STRINGS = NO;
				SWIFT_VERSION = 5.0;
				TARGETED_DEVICE_FAMILY = "1,2";
				TEST_HOST = "$(BUILT_PRODUCTS_DIR)/CDTaskList.app/$(BUNDLE_EXECUTABLE_FOLDER_PATH)/CDTaskList";
			};
			name = Debug;
		};
		BAEFB5272BB6FCC20002D6EF /* Release */ = {
			isa = XCBuildConfiguration;
			buildSettings = {
				ALWAYS_EMBED_SWIFT_STANDARD_LIBRARIES = YES;
				BUNDLE_LOADER = "$(TEST_HOST)";
				CODE_SIGN_STYLE = Automatic;
				CURRENT_PROJECT_VERSION = 1;
				DEVELOPMENT_TEAM = LBC2FW8GZY;
				GENERATE_INFOPLIST_FILE = YES;
				IPHONEOS_DEPLOYMENT_TARGET = 17.0;
				MARKETING_VERSION = 1.0;
				PRODUCT_BUNDLE_IDENTIFIER = ru.swiftbook.CDTaskListTests;
				PRODUCT_NAME = "$(TARGET_NAME)";
				SWIFT_EMIT_LOC_STRINGS = NO;
				SWIFT_VERSION = 5.0;
				TARGETED_DEVICE_FAMILY = "1,2";
				TEST_HOST = "$(BUILT_PRODUCTS_DIR)/CDTaskList.app/$(BUNDLE_EXECUTABLE_FOLDER_PATH)/CDTaskList";
			};
			name = Release;
		};
		BAEFB5292BB6FCC20002D6EF /* Debug */ = {
			isa = XCBuildConfiguration;
			buildSettings = {
				ALWAYS_EMBED_SWIFT_STANDARD_LIBRARIES = YES;
				CODE_SIGN_STYLE = Automatic;
				CURRENT_PROJECT_VERSION = 1;
				DEVELOPMENT_TEAM = LBC2FW8GZY;
				GENERATE_INFOPLIST_FILE = YES;
				MARKETING_VERSION = 1.0;
				PRODUCT_BUNDLE_IDENTIFIER = ru.swiftbook.CDTaskListUITests;
				PRODUCT_NAME = "$(TARGET_NAME)";
				SWIFT_EMIT_LOC_STRINGS = NO;
				SWIFT_VERSION = 5.0;
				TARGETED_DEVICE_FAMILY = "1,2";
				TEST_TARGET_NAME = CDTaskList;
			};
			name = Debug;
		};
		BAEFB52A2BB6FCC20002D6EF /* Release */ = {
			isa = XCBuildConfiguration;
			buildSettings = {
				ALWAYS_EMBED_SWIFT_STANDARD_LIBRARIES = YES;
				CODE_SIGN_STYLE = Automatic;
				CURRENT_PROJECT_VERSION = 1;
				DEVELOPMENT_TEAM = LBC2FW8GZY;
				GENERATE_INFOPLIST_FILE = YES;
				MARKETING_VERSION = 1.0;
				PRODUCT_BUNDLE_IDENTIFIER = ru.swiftbook.CDTaskListUITests;
				PRODUCT_NAME = "$(TARGET_NAME)";
				SWIFT_EMIT_LOC_STRINGS = NO;
				SWIFT_VERSION = 5.0;
				TARGETED_DEVICE_FAMILY = "1,2";
				TEST_TARGET_NAME = CDTaskList;
			};
			name = Release;
		};
/* End XCBuildConfiguration section */

/* Begin XCConfigurationList section */
		BAEFB4F02BB6FCC10002D6EF /* Build configuration list for PBXProject "CDTaskList" */ = {
			isa = XCConfigurationList;
			buildConfigurations = (
				BAEFB5202BB6FCC20002D6EF /* Debug */,
				BAEFB5212BB6FCC20002D6EF /* Release */,
			);
			defaultConfigurationIsVisible = 0;
			defaultConfigurationName = Release;
		};
		BAEFB5222BB6FCC20002D6EF /* Build configuration list for PBXNativeTarget "CDTaskList" */ = {
			isa = XCConfigurationList;
			buildConfigurations = (
				BAEFB5232BB6FCC20002D6EF /* Debug */,
				BAEFB5242BB6FCC20002D6EF /* Release */,
			);
			defaultConfigurationIsVisible = 0;
			defaultConfigurationName = Release;
		};
		BAEFB5252BB6FCC20002D6EF /* Build configuration list for PBXNativeTarget "CDTaskListTests" */ = {
			isa = XCConfigurationList;
			buildConfigurations = (
				BAEFB5262BB6FCC20002D6EF /* Debug */,
				BAEFB5272BB6FCC20002D6EF /* Release */,
			);
			defaultConfigurationIsVisible = 0;
			defaultConfigurationName = Release;
		};
		BAEFB5282BB6FCC20002D6EF /* Build configuration list for PBXNativeTarget "CDTaskListUITests" */ = {
			isa = XCConfigurationList;
			buildConfigurations = (
				BAEFB5292BB6FCC20002D6EF /* Debug */,
				BAEFB52A2BB6FCC20002D6EF /* Release */,
			);
			defaultConfigurationIsVisible = 0;
			defaultConfigurationName = Release;
		};
/* End XCConfigurationList section */

/* Begin XCVersionGroup section */
		BAEFB5012BB6FCC10002D6EF /* CDTaskList.xcdatamodeld */ = {
			isa = XCVersionGroup;
			children = (
				BAEFB5022BB6FCC10002D6EF /* CDTaskList.xcdatamodel */,
			);
			currentVersion = BAEFB5022BB6FCC10002D6EF /* CDTaskList.xcdatamodel */;
			path = CDTaskList.xcdatamodeld;
			sourceTree = "<group>";
			versionGroupType = wrapper.xcdatamodel;
		};
/* End XCVersionGroup section */
	};
	rootObject = BAEFB4ED2BB6FCC10002D6EF /* Project object */;
}
